// !$*UTF8*$!
{
	archiveVersion = 1;
	classes = {
	};
	objectVersion = 46;
	objects = {

/* Begin PBXBuildFile section */
		A13909261CF4BD220075F9D2 /* AppDelegate.swift in Sources */ = {isa = PBXBuildFile; fileRef = A13909251CF4BD220075F9D2 /* AppDelegate.swift */; };
		A139092D1CF4BD220075F9D2 /* Main.storyboard in Resources */ = {isa = PBXBuildFile; fileRef = A139092B1CF4BD220075F9D2 /* Main.storyboard */; };
		A139092F1CF4BD220075F9D2 /* Images.xcassets in Resources */ = {isa = PBXBuildFile; fileRef = A139092E1CF4BD220075F9D2 /* Images.xcassets */; };
		A13909321CF4BD220075F9D2 /* LaunchScreen.xib in Resources */ = {isa = PBXBuildFile; fileRef = A13909301CF4BD220075F9D2 /* LaunchScreen.xib */; };
		A139093E1CF4BD220075F9D2 /* IOSDPTests.swift in Sources */ = {isa = PBXBuildFile; fileRef = A139093D1CF4BD220075F9D2 /* IOSDPTests.swift */; };
		A14452501D00921B00945004 /* GlobalPara.swift in Sources */ = {isa = PBXBuildFile; fileRef = A144524F1D00921B00945004 /* GlobalPara.swift */; };
		A193F1561CF75F0C00249720 /* SettingViewController.swift in Sources */ = {isa = PBXBuildFile; fileRef = A193F1551CF75F0C00249720 /* SettingViewController.swift */; };
		A193F15B1CF75F3A00249720 /* DeployViewController.swift in Sources */ = {isa = PBXBuildFile; fileRef = A193F15A1CF75F3A00249720 /* DeployViewController.swift */; };
		A193F15E1CF75F5000249720 /* StatusViewController.swift in Sources */ = {isa = PBXBuildFile; fileRef = A193F15D1CF75F5000249720 /* StatusViewController.swift */; };
		A193F1611CF75F6900249720 /* LoginViewController.swift in Sources */ = {isa = PBXBuildFile; fileRef = A193F1601CF75F6900249720 /* LoginViewController.swift */; };
		A193F1631CF75F7A00249720 /* MainViewController.swift in Sources */ = {isa = PBXBuildFile; fileRef = A193F1621CF75F7A00249720 /* MainViewController.swift */; };
		A193F1651CF75FA200249720 /* HttpUtility.swift in Sources */ = {isa = PBXBuildFile; fileRef = A193F1641CF75FA200249720 /* HttpUtility.swift */; };
/* End PBXBuildFile section */

/* Begin PBXContainerItemProxy section */
		A13909381CF4BD220075F9D2 /* PBXContainerItemProxy */ = {
			isa = PBXContainerItemProxy;
			containerPortal = A13909181CF4BD220075F9D2 /* Project object */;
			proxyType = 1;
			remoteGlobalIDString = A139091F1CF4BD220075F9D2;
			remoteInfo = IOSDP;
		};
/* End PBXContainerItemProxy section */

/* Begin PBXFileReference section */
		A13909201CF4BD220075F9D2 /* IOSDP.app */ = {isa = PBXFileReference; explicitFileType = wrapper.application; includeInIndex = 0; path = IOSDP.app; sourceTree = BUILT_PRODUCTS_DIR; };
		A13909241CF4BD220075F9D2 /* Info.plist */ = {isa = PBXFileReference; lastKnownFileType = text.plist.xml; path = Info.plist; sourceTree = "<group>"; };
		A13909251CF4BD220075F9D2 /* AppDelegate.swift */ = {isa = PBXFileReference; lastKnownFileType = sourcecode.swift; path = AppDelegate.swift; sourceTree = "<group>"; };
		A139092C1CF4BD220075F9D2 /* Base */ = {isa = PBXFileReference; lastKnownFileType = file.storyboard; name = Base; path = Base.lproj/Main.storyboard; sourceTree = "<group>"; };
		A139092E1CF4BD220075F9D2 /* Images.xcassets */ = {isa = PBXFileReference; lastKnownFileType = folder.assetcatalog; path = Images.xcassets; sourceTree = "<group>"; };
		A13909311CF4BD220075F9D2 /* Base */ = {isa = PBXFileReference; lastKnownFileType = file.xib; name = Base; path = Base.lproj/LaunchScreen.xib; sourceTree = "<group>"; };
		A13909371CF4BD220075F9D2 /* IOSDPTests.xctest */ = {isa = PBXFileReference; explicitFileType = wrapper.cfbundle; includeInIndex = 0; path = IOSDPTests.xctest; sourceTree = BUILT_PRODUCTS_DIR; };
		A139093C1CF4BD220075F9D2 /* Info.plist */ = {isa = PBXFileReference; lastKnownFileType = text.plist.xml; path = Info.plist; sourceTree = "<group>"; };
		A139093D1CF4BD220075F9D2 /* IOSDPTests.swift */ = {isa = PBXFileReference; lastKnownFileType = sourcecode.swift; path = IOSDPTests.swift; sourceTree = "<group>"; };
		A144524F1D00921B00945004 /* GlobalPara.swift */ = {isa = PBXFileReference; fileEncoding = 4; lastKnownFileType = sourcecode.swift; path = GlobalPara.swift; sourceTree = "<group>"; };
		A193F1551CF75F0C00249720 /* SettingViewController.swift */ = {isa = PBXFileReference; fileEncoding = 4; lastKnownFileType = sourcecode.swift; name = SettingViewController.swift; path = IOSDP/Setting/SettingViewController.swift; sourceTree = "<group>"; };
		A193F15A1CF75F3A00249720 /* DeployViewController.swift */ = {isa = PBXFileReference; fileEncoding = 4; lastKnownFileType = sourcecode.swift; name = DeployViewController.swift; path = Deploy/DeployViewController.swift; sourceTree = "<group>"; };
		A193F15D1CF75F5000249720 /* StatusViewController.swift */ = {isa = PBXFileReference; fileEncoding = 4; lastKnownFileType = sourcecode.swift; name = StatusViewController.swift; path = Status/StatusViewController.swift; sourceTree = "<group>"; };
		A193F1601CF75F6900249720 /* LoginViewController.swift */ = {isa = PBXFileReference; fileEncoding = 4; lastKnownFileType = sourcecode.swift; name = LoginViewController.swift; path = Login/LoginViewController.swift; sourceTree = "<group>"; };
		A193F1621CF75F7A00249720 /* MainViewController.swift */ = {isa = PBXFileReference; fileEncoding = 4; lastKnownFileType = sourcecode.swift; path = MainViewController.swift; sourceTree = "<group>"; };
		A193F1641CF75FA200249720 /* HttpUtility.swift */ = {isa = PBXFileReference; fileEncoding = 4; lastKnownFileType = sourcecode.swift; path = HttpUtility.swift; sourceTree = "<group>"; };
/* End PBXFileReference section */

/* Begin PBXFrameworksBuildPhase section */
		A139091D1CF4BD220075F9D2 /* Frameworks */ = {
			isa = PBXFrameworksBuildPhase;
			buildActionMask = 2147483647;
			files = (
			);
			runOnlyForDeploymentPostprocessing = 0;
		};
		A13909341CF4BD220075F9D2 /* Frameworks */ = {
			isa = PBXFrameworksBuildPhase;
			buildActionMask = 2147483647;
			files = (
			);
			runOnlyForDeploymentPostprocessing = 0;
		};
/* End PBXFrameworksBuildPhase section */

/* Begin PBXGroup section */
		A13909171CF4BD220075F9D2 = {
			isa = PBXGroup;
			children = (
				A13909221CF4BD220075F9D2 /* IOSDP */,
				A139093A1CF4BD220075F9D2 /* IOSDPTests */,
				A13909211CF4BD220075F9D2 /* Products */,
			);
			sourceTree = "<group>";
		};
		A13909211CF4BD220075F9D2 /* Products */ = {
			isa = PBXGroup;
			children = (
				A13909201CF4BD220075F9D2 /* IOSDP.app */,
				A13909371CF4BD220075F9D2 /* IOSDPTests.xctest */,
			);
			name = Products;
			sourceTree = "<group>";
		};
		A13909221CF4BD220075F9D2 /* IOSDP */ = {
			isa = PBXGroup;
			children = (
				A193F1641CF75FA200249720 /* HttpUtility.swift */,
				A193F1621CF75F7A00249720 /* MainViewController.swift */,
				A193F15F1CF75F5D00249720 /* Login */,
				A193F15C1CF75F3F00249720 /* Status */,
				A193F1571CF75F1A00249720 /* Deploy */,
				A193F1541CF75EF200249720 /* Setting */,
				A13909251CF4BD220075F9D2 /* AppDelegate.swift */,
				A139092B1CF4BD220075F9D2 /* Main.storyboard */,
				A13909231CF4BD220075F9D2 /* Supporting Files */,
				A144524F1D00921B00945004 /* GlobalPara.swift */,
			);
			path = IOSDP;
			sourceTree = "<group>";
		};
		A13909231CF4BD220075F9D2 /* Supporting Files */ = {
			isa = PBXGroup;
			children = (
				A13909301CF4BD220075F9D2 /* LaunchScreen.xib */,
				A139092E1CF4BD220075F9D2 /* Images.xcassets */,
				A13909241CF4BD220075F9D2 /* Info.plist */,
			);
			name = "Supporting Files";
			sourceTree = "<group>";
		};
		A139093A1CF4BD220075F9D2 /* IOSDPTests */ = {
			isa = PBXGroup;
			children = (
				A139093D1CF4BD220075F9D2 /* IOSDPTests.swift */,
				A139093B1CF4BD220075F9D2 /* Supporting Files */,
			);
			path = IOSDPTests;
			sourceTree = "<group>";
		};
		A139093B1CF4BD220075F9D2 /* Supporting Files */ = {
			isa = PBXGroup;
			children = (
				A139093C1CF4BD220075F9D2 /* Info.plist */,
			);
			name = "Supporting Files";
			sourceTree = "<group>";
		};
		A193F1541CF75EF200249720 /* Setting */ = {
			isa = PBXGroup;
			children = (
				A193F1551CF75F0C00249720 /* SettingViewController.swift */,
			);
			name = Setting;
			path = ..;
			sourceTree = "<group>";
		};
		A193F1571CF75F1A00249720 /* Deploy */ = {
			isa = PBXGroup;
			children = (
				A193F15A1CF75F3A00249720 /* DeployViewController.swift */,
			);
			name = Deploy;
			sourceTree = "<group>";
		};
		A193F15C1CF75F3F00249720 /* Status */ = {
			isa = PBXGroup;
			children = (
				A193F15D1CF75F5000249720 /* StatusViewController.swift */,
			);
			name = Status;
			sourceTree = "<group>";
		};
		A193F15F1CF75F5D00249720 /* Login */ = {
			isa = PBXGroup;
			children = (
				A193F1601CF75F6900249720 /* LoginViewController.swift */,
			);
			name = Login;
			sourceTree = "<group>";
		};
/* End PBXGroup section */

/* Begin PBXNativeTarget section */
		A139091F1CF4BD220075F9D2 /* IOSDP */ = {
			isa = PBXNativeTarget;
			buildConfigurationList = A13909411CF4BD220075F9D2 /* Build configuration list for PBXNativeTarget "IOSDP" */;
			buildPhases = (
				A139091C1CF4BD220075F9D2 /* Sources */,
				A139091D1CF4BD220075F9D2 /* Frameworks */,
				A139091E1CF4BD220075F9D2 /* Resources */,
			);
			buildRules = (
			);
			dependencies = (
			);
			name = IOSDP;
			productName = IOSDP;
			productReference = A13909201CF4BD220075F9D2 /* IOSDP.app */;
			productType = "com.apple.product-type.application";
		};
		A13909361CF4BD220075F9D2 /* IOSDPTests */ = {
			isa = PBXNativeTarget;
			buildConfigurationList = A13909441CF4BD220075F9D2 /* Build configuration list for PBXNativeTarget "IOSDPTests" */;
			buildPhases = (
				A13909331CF4BD220075F9D2 /* Sources */,
				A13909341CF4BD220075F9D2 /* Frameworks */,
				A13909351CF4BD220075F9D2 /* Resources */,
			);
			buildRules = (
			);
			dependencies = (
				A13909391CF4BD220075F9D2 /* PBXTargetDependency */,
			);
			name = IOSDPTests;
			productName = IOSDPTests;
			productReference = A13909371CF4BD220075F9D2 /* IOSDPTests.xctest */;
			productType = "com.apple.product-type.bundle.unit-test";
		};
/* End PBXNativeTarget section */

/* Begin PBXProject section */
		A13909181CF4BD220075F9D2 /* Project object */ = {
			isa = PBXProject;
			attributes = {
				LastUpgradeCheck = 0610;
				ORGANIZATIONNAME = Mot;
				TargetAttributes = {
					A139091F1CF4BD220075F9D2 = {
						CreatedOnToolsVersion = 6.1;
					};
					A13909361CF4BD220075F9D2 = {
						CreatedOnToolsVersion = 6.1;
						TestTargetID = A139091F1CF4BD220075F9D2;
					};
				};
			};
			buildConfigurationList = A139091B1CF4BD220075F9D2 /* Build configuration list for PBXProject "IOSDP" */;
			compatibilityVersion = "Xcode 3.2";
			developmentRegion = English;
			hasScannedForEncodings = 0;
			knownRegions = (
				en,
				Base,
			);
			mainGroup = A13909171CF4BD220075F9D2;
			productRefGroup = A13909211CF4BD220075F9D2 /* Products */;
			projectDirPath = "";
			projectRoot = "";
			targets = (
				A139091F1CF4BD220075F9D2 /* IOSDP */,
				A13909361CF4BD220075F9D2 /* IOSDPTests */,
			);
		};
/* End PBXProject section */

/* Begin PBXResourcesBuildPhase section */
		A139091E1CF4BD220075F9D2 /* Resources */ = {
			isa = PBXResourcesBuildPhase;
			buildActionMask = 2147483647;
			files = (
				A139092D1CF4BD220075F9D2 /* Main.storyboard in Resources */,
				A13909321CF4BD220075F9D2 /* LaunchScreen.xib in Resources */,
				A139092F1CF4BD220075F9D2 /* Images.xcassets in Resources */,
			);
			runOnlyForDeploymentPostprocessing = 0;
		};
		A13909351CF4BD220075F9D2 /* Resources */ = {
			isa = PBXResourcesBuildPhase;
			buildActionMask = 2147483647;
			files = (
			);
			runOnlyForDeploymentPostprocessing = 0;
		};
/* End PBXResourcesBuildPhase section */

/* Begin PBXSourcesBuildPhase section */
		A139091C1CF4BD220075F9D2 /* Sources */ = {
			isa = PBXSourcesBuildPhase;
			buildActionMask = 2147483647;
			files = (
				A14452501D00921B00945004 /* GlobalPara.swift in Sources */,
				A193F1611CF75F6900249720 /* LoginViewController.swift in Sources */,
				A193F15B1CF75F3A00249720 /* DeployViewController.swift in Sources */,
				A193F1651CF75FA200249720 /* HttpUtility.swift in Sources */,
				A13909261CF4BD220075F9D2 /* AppDelegate.swift in Sources */,
				A193F15E1CF75F5000249720 /* StatusViewController.swift in Sources */,
				A193F1561CF75F0C00249720 /* SettingViewController.swift in Sources */,
				A193F1631CF75F7A00249720 /* MainViewController.swift in Sources */,
			);
			runOnlyForDeploymentPostprocessing = 0;
		};
		A13909331CF4BD220075F9D2 /* Sources */ = {
			isa = PBXSourcesBuildPhase;
			buildActionMask = 2147483647;
			files = (
				A139093E1CF4BD220075F9D2 /* IOSDPTests.swift in Sources */,
			);
			runOnlyForDeploymentPostprocessing = 0;
		};
/* End PBXSourcesBuildPhase section */

/* Begin PBXTargetDependency section */
		A13909391CF4BD220075F9D2 /* PBXTargetDependency */ = {
			isa = PBXTargetDependency;
			target = A139091F1CF4BD220075F9D2 /* IOSDP */;
			targetProxy = A13909381CF4BD220075F9D2 /* PBXContainerItemProxy */;
		};
/* End PBXTargetDependency section */

/* Begin PBXVariantGroup section */
		A139092B1CF4BD220075F9D2 /* Main.storyboard */ = {
			isa = PBXVariantGroup;
			children = (
				A139092C1CF4BD220075F9D2 /* Base */,
			);
			name = Main.storyboard;
			sourceTree = "<group>";
		};
		A13909301CF4BD220075F9D2 /* LaunchScreen.xib */ = {
			isa = PBXVariantGroup;
			children = (
				A13909311CF4BD220075F9D2 /* Base */,
			);
			name = LaunchScreen.xib;
			sourceTree = "<group>";
		};
/* End PBXVariantGroup section */

/* Begin XCBuildConfiguration section */
		A139093F1CF4BD220075F9D2 /* Debug */ = {
			isa = XCBuildConfiguration;
			buildSettings = {
				ALWAYS_SEARCH_USER_PATHS = NO;
				CLANG_CXX_LANGUAGE_STANDARD = "gnu++0x";
				CLANG_CXX_LIBRARY = "libc++";
				CLANG_ENABLE_MODULES = YES;
				CLANG_ENABLE_OBJC_ARC = YES;
				CLANG_WARN_BOOL_CONVERSION = YES;
				CLANG_WARN_CONSTANT_CONVERSION = YES;
				CLANG_WARN_DIRECT_OBJC_ISA_USAGE = YES_ERROR;
				CLANG_WARN_EMPTY_BODY = YES;
				CLANG_WARN_ENUM_CONVERSION = YES;
				CLANG_WARN_INT_CONVERSION = YES;
				CLANG_WARN_OBJC_ROOT_CLASS = YES_ERROR;
				CLANG_WARN_UNREACHABLE_CODE = YES;
				CLANG_WARN__DUPLICATE_METHOD_MATCH = YES;
				"CODE_SIGN_IDENTITY[sdk=iphoneos*]" = "iPhone Developer";
				COPY_PHASE_STRIP = NO;
				ENABLE_STRICT_OBJC_MSGSEND = YES;
				GCC_C_LANGUAGE_STANDARD = gnu99;
				GCC_DYNAMIC_NO_PIC = NO;
				GCC_OPTIMIZATION_LEVEL = 0;
				GCC_PREPROCESSOR_DEFINITIONS = (
					"DEBUG=1",
					"$(inherited)",
				);
				GCC_SYMBOLS_PRIVATE_EXTERN = NO;
				GCC_WARN_64_TO_32_BIT_CONVERSION = YES;
				GCC_WARN_ABOUT_RETURN_TYPE = YES_ERROR;
				GCC_WARN_UNDECLARED_SELECTOR = YES;
				GCC_WARN_UNINITIALIZED_AUTOS = YES_AGGRESSIVE;
				GCC_WARN_UNUSED_FUNCTION = YES;
				GCC_WARN_UNUSED_VARIABLE = YES;
				IPHONEOS_DEPLOYMENT_TARGET = 8.1;
				MTL_ENABLE_DEBUG_INFO = YES;
				ONLY_ACTIVE_ARCH = YES;
				SDKROOT = iphoneos;
				SWIFT_OPTIMIZATION_LEVEL = "-Onone";
				TARGETED_DEVICE_FAMILY = "1,2";
			};
			name = Debug;
		};
		A13909401CF4BD220075F9D2 /* Release */ = {
			isa = XCBuildConfiguration;
			buildSettings = {
				ALWAYS_SEARCH_USER_PATHS = NO;
				CLANG_CXX_LANGUAGE_STANDARD = "gnu++0x";
				CLANG_CXX_LIBRARY = "libc++";
				CLANG_ENABLE_MODULES = YES;
				CLANG_ENABLE_OBJC_ARC = YES;
				CLANG_WARN_BOOL_CONVERSION = YES;
				CLANG_WARN_CONSTANT_CONVERSION = YES;
				CLANG_WARN_DIRECT_OBJC_ISA_USAGE = YES_ERROR;
				CLANG_WARN_EMPTY_BODY = YES;
				CLANG_WARN_ENUM_CONVERSION = YES;
				CLANG_WARN_INT_CONVERSION = YES;
				CLANG_WARN_OBJC_ROOT_CLASS = YES_ERROR;
				CLANG_WARN_UNREACHABLE_CODE = YES;
				CLANG_WARN__DUPLICATE_METHOD_MATCH = YES;
				"CODE_SIGN_IDENTITY[sdk=iphoneos*]" = "iPhone Developer";
				COPY_PHASE_STRIP = YES;
				ENABLE_NS_ASSERTIONS = NO;
				ENABLE_STRICT_OBJC_MSGSEND = YES;
				GCC_C_LANGUAGE_STANDARD = gnu99;
				GCC_WARN_64_TO_32_BIT_CONVERSION = YES;
				GCC_WARN_ABOUT_RETURN_TYPE = YES_ERROR;
				GCC_WARN_UNDECLARED_SELECTOR = YES;
				GCC_WARN_UNINITIALIZED_AUTOS = YES_AGGRESSIVE;
				GCC_WARN_UNUSED_FUNCTION = YES;
				GCC_WARN_UNUSED_VARIABLE = YES;
				IPHONEOS_DEPLOYMENT_TARGET = 8.1;
				MTL_ENABLE_DEBUG_INFO = NO;
				SDKROOT = iphoneos;
				TARGETED_DEVICE_FAMILY = "1,2";
				VALIDATE_PRODUCT = YES;
			};
			name = Release;
		};
		A13909421CF4BD220075F9D2 /* Debug */ = {
			isa = XCBuildConfiguration;
			buildSettings = {
				ASSETCATALOG_COMPILER_APPICON_NAME = AppIcon;
				INFOPLIST_FILE = IOSDP/Info.plist;
				LD_RUNPATH_SEARCH_PATHS = "$(inherited) @executable_path/Frameworks";
				PRODUCT_NAME = "$(TARGET_NAME)";
			};
			name = Debug;
		};
		A13909431CF4BD220075F9D2 /* Release */ = {
			isa = XCBuildConfiguration;
			buildSettings = {
				ASSETCATALOG_COMPILER_APPICON_NAME = AppIcon;
				INFOPLIST_FILE = IOSDP/Info.plist;
				LD_RUNPATH_SEARCH_PATHS = "$(inherited) @executable_path/Frameworks";
				PRODUCT_NAME = "$(TARGET_NAME)";
			};
			name = Release;
		};
		A13909451CF4BD220075F9D2 /* Debug */ = {
			isa = XCBuildConfiguration;
			buildSettings = {
				BUNDLE_LOADER = "$(TEST_HOST)";
				FRAMEWORK_SEARCH_PATHS = (
					"$(SDKROOT)/Developer/Library/Frameworks",
					"$(inherited)",
				);
				GCC_PREPROCESSOR_DEFINITIONS = (
					"DEBUG=1",
					"$(inherited)",
				);
				INFOPLIST_FILE = IOSDPTests/Info.plist;
				LD_RUNPATH_SEARCH_PATHS = "$(inherited) @executable_path/Frameworks @loader_path/Frameworks";
				PRODUCT_NAME = "$(TARGET_NAME)";
				TEST_HOST = "$(BUILT_PRODUCTS_DIR)/IOSDP.app/IOSDP";
			};
			name = Debug;
		};
		A13909461CF4BD220075F9D2 /* Release */ = {
			isa = XCBuildConfiguration;
			buildSettings = {
				BUNDLE_LOADER = "$(TEST_HOST)";
				FRAMEWORK_SEARCH_PATHS = (
					"$(SDKROOT)/Developer/Library/Frameworks",
					"$(inherited)",
				);
				INFOPLIST_FILE = IOSDPTests/Info.plist;
				LD_RUNPATH_SEARCH_PATHS = "$(inherited) @executable_path/Frameworks @loader_path/Frameworks";
				PRODUCT_NAME = "$(TARGET_NAME)";
				TEST_HOST = "$(BUILT_PRODUCTS_DIR)/IOSDP.app/IOSDP";
			};
			name = Release;
		};
/* End XCBuildConfiguration section */

/* Begin XCConfigurationList section */
		A139091B1CF4BD220075F9D2 /* Build configuration list for PBXProject "IOSDP" */ = {
			isa = XCConfigurationList;
			buildConfigurations = (
				A139093F1CF4BD220075F9D2 /* Debug */,
				A13909401CF4BD220075F9D2 /* Release */,
			);
			defaultConfigurationIsVisible = 0;
			defaultConfigurationName = Release;
		};
		A13909411CF4BD220075F9D2 /* Build configuration list for PBXNativeTarget "IOSDP" */ = {
			isa = XCConfigurationList;
			buildConfigurations = (
				A13909421CF4BD220075F9D2 /* Debug */,
				A13909431CF4BD220075F9D2 /* Release */,
			);
			defaultConfigurationIsVisible = 0;
			defaultConfigurationName = Release;
		};
		A13909441CF4BD220075F9D2 /* Build configuration list for PBXNativeTarget "IOSDPTests" */ = {
			isa = XCConfigurationList;
			buildConfigurations = (
				A13909451CF4BD220075F9D2 /* Debug */,
				A13909461CF4BD220075F9D2 /* Release */,
			);
			defaultConfigurationIsVisible = 0;
			defaultConfigurationName = Release;
		};
/* End XCConfigurationList section */
	};
	rootObject = A13909181CF4BD220075F9D2 /* Project object */;
}
